lockfileVersion: '9.0'

settings:
  autoInstallPeers: true
  excludeLinksFromLockfile: false

importers:

  .:
    dependencies:
      '@xterm/addon-fit':
        specifier: ^0.11.0
        version: 0.11.0
      '@xterm/xterm':
        specifier: ^6.0.0
        version: 6.0.0
      electrobun:
        specifier: 1.16.0
        version: 1.16.0
    devDependencies:
      '@types/bun':
        specifier: latest
        version: 1.3.11
      '@types/three':
        specifier: ^0.181.0
        version: 0.181.0
      concurrently:
        specifier: ^9.1.0
        version: 9.2.1
      typescript:
        specifier: ^5.7.2
        version: 5.9.3
      vite:
        specifier: ^6.0.3
        version: 6.4.1(@types/node@25.5.0)

packages:

  '@babylonjs/core@7.54.3':
    resolution: {integrity: sha512-P5ncXVd8GEUJLhwloP9V0oVwQYIrvZztguVeLlvd5Rx+9aQnenKjpV8auJ6SRsUlAmNZU4pFTKzwF6o2EUfhAw==}

  '@dimforge/rapier3d-compat@0.12.0':
    resolution: {integrity: sha512-uekIGetywIgopfD97oDL5PfeezkFpNhwlzlaEYNOA0N6ghdsOvh/HYjSMek5Q2O1PYvRSDFcqFVJl4r4ZBwOow==}

  '@esbuild/aix-ppc64@0.25.12':
    resolution: {integrity: sha512-Hhmwd6CInZ3dwpuGTF8fJG6yoWmsToE+vYgD4nytZVxcu1ulHpUQRAB1UJ8+N1Am3Mz4+xOByoQoSZf4D+CpkA==}
    engines: {node: '>=18'}
    cpu: [ppc64]
    os: [aix]

  '@esbuild/android-arm64@0.25.12':
    resolution: {integrity: sha512-6AAmLG7zwD1Z159jCKPvAxZd4y/VTO0VkprYy+3N2FtJ8+BQWFXU+OxARIwA46c5tdD9SsKGZ/1ocqBS/gAKHg==}
    engines: {node: '>=18'}
    cpu: [arm64]
    os: [android]

  '@esbuild/android-arm@0.25.12':
    resolution: {integrity: sha512-VJ+sKvNA/GE7Ccacc9Cha7bpS8nyzVv0jdVgwNDaR4gDMC/2TTRc33Ip8qrNYUcpkOHUT5OZ0bUcNNVZQ9RLlg==}
    engines: {node: '>=18'}
    cpu: [arm]
    os: [android]

  '@esbuild/android-x64@0.25.12':
    resolution: {integrity: sha512-5jbb+2hhDHx5phYR2By8GTWEzn6I9UqR11Kwf22iKbNpYrsmRB18aX/9ivc5cabcUiAT/wM+YIZ6SG9QO6a8kg==}
    engines: {node: '>=18'}
    cpu: [x64]
    os: [android]

  '@esbuild/darwin-arm64@0.25.12':
    resolution: {integrity: sha512-N3zl+lxHCifgIlcMUP5016ESkeQjLj/959RxxNYIthIg+CQHInujFuXeWbWMgnTo4cp5XVHqFPmpyu9J65C1Yg==}
    engines: {node: '>=18'}
    cpu: [arm64]
    os: [darwin]

  '@esbuild/darwin-x64@0.25.12':
    resolution: {integrity: sha512-HQ9ka4Kx21qHXwtlTUVbKJOAnmG1ipXhdWTmNXiPzPfWKpXqASVcWdnf2bnL73wgjNrFXAa3yYvBSd9pzfEIpA==}
    engines: {node: '>=18'}
    cpu: [x64]
    os: [darwin]

  '@esbuild/freebsd-arm64@0.25.12':
    resolution: {integrity: sha512-gA0Bx759+7Jve03K1S0vkOu5Lg/85dou3EseOGUes8flVOGxbhDDh/iZaoek11Y8mtyKPGF3vP8XhnkDEAmzeg==}
    engines: {node: '>=18'}
    cpu: [arm64]
    os: [freebsd]

  '@esbuild/freebsd-x64@0.25.12':
    resolution: {integrity: sha512-TGbO26Yw2xsHzxtbVFGEXBFH0FRAP7gtcPE7P5yP7wGy7cXK2oO7RyOhL5NLiqTlBh47XhmIUXuGciXEqYFfBQ==}
    engines: {node: '>=18'}
    cpu: [x64]
    os: [freebsd]

  '@esbuild/linux-arm64@0.25.12':
    resolution: {integrity: sha512-8bwX7a8FghIgrupcxb4aUmYDLp8pX06rGh5HqDT7bB+8Rdells6mHvrFHHW2JAOPZUbnjUpKTLg6ECyzvas2AQ==}
    engines: {node: '>=18'}
    cpu: [arm64]
    os: [linux]

  '@esbuild/linux-arm@0.25.12':
    resolution: {integrity: sha512-lPDGyC1JPDou8kGcywY0YILzWlhhnRjdof3UlcoqYmS9El818LLfJJc3PXXgZHrHCAKs/Z2SeZtDJr5MrkxtOw==}
    engines: {node: '>=18'}
    cpu: [arm]
    os: [linux]

  '@esbuild/linux-ia32@0.25.12':
    resolution: {integrity: sha512-0y9KrdVnbMM2/vG8KfU0byhUN+EFCny9+8g202gYqSSVMonbsCfLjUO+rCci7pM0WBEtz+oK/PIwHkzxkyharA==}
    engines: {node: '>=18'}
    cpu: [ia32]
    os: [linux]

  '@esbuild/linux-loong64@0.25.12':
    resolution: {integrity: sha512-h///Lr5a9rib/v1GGqXVGzjL4TMvVTv+s1DPoxQdz7l/AYv6LDSxdIwzxkrPW438oUXiDtwM10o9PmwS/6Z0Ng==}
    engines: {node: '>=18'}
    cpu: [loong64]
    os: [linux]

  '@esbuild/linux-mips64el@0.25.12':
    resolution: {integrity: sha512-iyRrM1Pzy9GFMDLsXn1iHUm18nhKnNMWscjmp4+hpafcZjrr2WbT//d20xaGljXDBYHqRcl8HnxbX6uaA/eGVw==}
    engines: {node: '>=18'}
    cpu: [mips64el]
    os: [linux]

  '@esbuild/linux-ppc64@0.25.12':
    resolution: {integrity: sha512-9meM/lRXxMi5PSUqEXRCtVjEZBGwB7P/D4yT8UG/mwIdze2aV4Vo6U5gD3+RsoHXKkHCfSxZKzmDssVlRj1QQA==}
    engines: {node: '>=18'}
    cpu: [ppc64]
    os: [linux]

  '@esbuild/linux-riscv64@0.25.12':
    resolution: {integrity: sha512-Zr7KR4hgKUpWAwb1f3o5ygT04MzqVrGEGXGLnj15YQDJErYu/BGg+wmFlIDOdJp0PmB0lLvxFIOXZgFRrdjR0w==}
    engines: {node: '>=18'}
    cpu: [riscv64]
    os: [linux]

  '@esbuild/linux-s390x@0.25.12':
    resolution: {integrity: sha512-MsKncOcgTNvdtiISc/jZs/Zf8d0cl/t3gYWX8J9ubBnVOwlk65UIEEvgBORTiljloIWnBzLs4qhzPkJcitIzIg==}
    engines: {node: '>=18'}
    cpu: [s390x]
    os: [linux]

  '@esbuild/linux-x64@0.25.12':
    resolution: {integrity: sha512-uqZMTLr/zR/ed4jIGnwSLkaHmPjOjJvnm6TVVitAa08SLS9Z0VM8wIRx7gWbJB5/J54YuIMInDquWyYvQLZkgw==}
    engines: {node: '>=18'}
    cpu: [x64]
    os: [linux]

  '@esbuild/netbsd-arm64@0.25.12':
    resolution: {integrity: sha512-xXwcTq4GhRM7J9A8Gv5boanHhRa/Q9KLVmcyXHCTaM4wKfIpWkdXiMog/KsnxzJ0A1+nD+zoecuzqPmCRyBGjg==}
    engines: {node: '>=18'}
    cpu: [arm64]
    os: [netbsd]

  '@esbuild/netbsd-x64@0.25.12':
    resolution: {integrity: sha512-Ld5pTlzPy3YwGec4OuHh1aCVCRvOXdH8DgRjfDy/oumVovmuSzWfnSJg+VtakB9Cm0gxNO9BzWkj6mtO1FMXkQ==}
    engines: {node: '>=18'}
    cpu: [x64]
    os: [netbsd]

  '@esbuild/openbsd-arm64@0.25.12':
    resolution: {integrity: sha512-fF96T6KsBo/pkQI950FARU9apGNTSlZGsv1jZBAlcLL1MLjLNIWPBkj5NlSz8aAzYKg+eNqknrUJ24QBybeR5A==}
    engines: {node: '>=18'}
    cpu: [arm64]
    os: [openbsd]

  '@esbuild/openbsd-x64@0.25.12':
    resolution: {integrity: sha512-MZyXUkZHjQxUvzK7rN8DJ3SRmrVrke8ZyRusHlP+kuwqTcfWLyqMOE3sScPPyeIXN/mDJIfGXvcMqCgYKekoQw==}
    engines: {node: '>=18'}
    cpu: [x64]
    os: [openbsd]

  '@esbuild/openharmony-arm64@0.25.12':
    resolution: {integrity: sha512-rm0YWsqUSRrjncSXGA7Zv78Nbnw4XL6/dzr20cyrQf7ZmRcsovpcRBdhD43Nuk3y7XIoW2OxMVvwuRvk9XdASg==}
    engines: {node: '>=18'}
    cpu: [arm64]
    os: [openharmony]

  '@esbuild/sunos-x64@0.25.12':
    resolution: {integrity: sha512-3wGSCDyuTHQUzt0nV7bocDy72r2lI33QL3gkDNGkod22EsYl04sMf0qLb8luNKTOmgF/eDEDP5BFNwoBKH441w==}
    engines: {node: '>=18'}
    cpu: [x64]
    os: [sunos]

  '@esbuild/win32-arm64@0.25.12':
    resolution: {integrity: sha512-rMmLrur64A7+DKlnSuwqUdRKyd3UE7oPJZmnljqEptesKM8wx9J8gx5u0+9Pq0fQQW8vqeKebwNXdfOyP+8Bsg==}
    engines: {node: '>=18'}
    cpu: [arm64]
    os: [win32]

  '@esbuild/win32-ia32@0.25.12':
    resolution: {integrity: sha512-HkqnmmBoCbCwxUKKNPBixiWDGCpQGVsrQfJoVGYLPT41XWF8lHuE5N6WhVia2n4o5QK5M4tYr21827fNhi4byQ==}
    engines: {node: '>=18'}
    cpu: [ia32]
    os: [win32]

  '@esbuild/win32-x64@0.25.12':
    resolution: {integrity: sha512-alJC0uCZpTFrSL0CCDjcgleBXPnCrEAhTBILpeAp7M/OFgoqtAetfBzX0xM00MUsVVPpVjlPuMbREqnZCXaTnA==}
    engines: {node: '>=18'}
    cpu: [x64]
    os: [win32]

  '@malept/cross-spawn-promise@1.1.1':
    resolution: {integrity: sha512-RTBGWL5FWQcg9orDOCcp4LvItNzUPcyEU9bwaeJX0rJ1IQxzucC48Y0/sQLp/g6t99IQgAlGIaesJS+gTn7tVQ==}
    engines: {node: '>= 10'}

  '@rollup/rollup-android-arm-eabi@4.59.0':
    resolution: {integrity: sha512-upnNBkA6ZH2VKGcBj9Fyl9IGNPULcjXRlg0LLeaioQWueH30p6IXtJEbKAgvyv+mJaMxSm1l6xwDXYjpEMiLMg==}
    cpu: [arm]
    os: [android]

  '@rollup/rollup-android-arm64@4.59.0':
    resolution: {integrity: sha512-hZ+Zxj3SySm4A/DylsDKZAeVg0mvi++0PYVceVyX7hemkw7OreKdCvW2oQ3T1FMZvCaQXqOTHb8qmBShoqk69Q==}
    cpu: [arm64]
    os: [android]

  '@rollup/rollup-darwin-arm64@4.59.0':
    resolution: {integrity: sha512-W2Psnbh1J8ZJw0xKAd8zdNgF9HRLkdWwwdWqubSVk0pUuQkoHnv7rx4GiF9rT4t5DIZGAsConRE3AxCdJ4m8rg==}
    cpu: [arm64]
    os: [darwin]

  '@rollup/rollup-darwin-x64@4.59.0':
    resolution: {integrity: sha512-ZW2KkwlS4lwTv7ZVsYDiARfFCnSGhzYPdiOU4IM2fDbL+QGlyAbjgSFuqNRbSthybLbIJ915UtZBtmuLrQAT/w==}
    cpu: [x64]
    os: [darwin]

  '@rollup/rollup-freebsd-arm64@4.59.0':
    resolution: {integrity: sha512-EsKaJ5ytAu9jI3lonzn3BgG8iRBjV4LxZexygcQbpiU0wU0ATxhNVEpXKfUa0pS05gTcSDMKpn3Sx+QB9RlTTA==}
    cpu: [arm64]
    os: [freebsd]

  '@rollup/rollup-freebsd-x64@4.59.0':
    resolution: {integrity: sha512-d3DuZi2KzTMjImrxoHIAODUZYoUUMsuUiY4SRRcJy6NJoZ6iIqWnJu9IScV9jXysyGMVuW+KNzZvBLOcpdl3Vg==}
    cpu: [x64]
    os: [freebsd]

  '@rollup/rollup-linux-arm-gnueabihf@4.59.0':
    resolution: {integrity: sha512-t4ONHboXi/3E0rT6OZl1pKbl2Vgxf9vJfWgmUoCEVQVxhW6Cw/c8I6hbbu7DAvgp82RKiH7TpLwxnJeKv2pbsw==}
    cpu: [arm]
    os: [linux]

  '@rollup/rollup-linux-arm-musleabihf@4.59.0':
    resolution: {integrity: sha512-CikFT7aYPA2ufMD086cVORBYGHffBo4K8MQ4uPS/ZnY54GKj36i196u8U+aDVT2LX4eSMbyHtyOh7D7Zvk2VvA==}
    cpu: [arm]
    os: [linux]

  '@rollup/rollup-linux-arm64-gnu@4.59.0':
    resolution: {integrity: sha512-jYgUGk5aLd1nUb1CtQ8E+t5JhLc9x5WdBKew9ZgAXg7DBk0ZHErLHdXM24rfX+bKrFe+Xp5YuJo54I5HFjGDAA==}
    cpu: [arm64]
    os: [linux]

  '@rollup/rollup-linux-arm64-musl@4.59.0':
    resolution: {integrity: sha512-peZRVEdnFWZ5Bh2KeumKG9ty7aCXzzEsHShOZEFiCQlDEepP1dpUl/SrUNXNg13UmZl+gzVDPsiCwnV1uI0RUA==}
    cpu: [arm64]
    os: [linux]

  '@rollup/rollup-linux-loong64-gnu@4.59.0':
    resolution: {integrity: sha512-gbUSW/97f7+r4gHy3Jlup8zDG190AuodsWnNiXErp9mT90iCy9NKKU0Xwx5k8VlRAIV2uU9CsMnEFg/xXaOfXg==}
    cpu: [loong64]
    os: [linux]

  '@rollup/rollup-linux-loong64-musl@4.59.0':
    resolution: {integrity: sha512-yTRONe79E+o0FWFijasoTjtzG9EBedFXJMl888NBEDCDV9I2wGbFFfJQQe63OijbFCUZqxpHz1GzpbtSFikJ4Q==}
    cpu: [loong64]
    os: [linux]

  '@rollup/rollup-linux-ppc64-gnu@4.59.0':
    resolution: {integrity: sha512-sw1o3tfyk12k3OEpRddF68a1unZ5VCN7zoTNtSn2KndUE+ea3m3ROOKRCZxEpmT9nsGnogpFP9x6mnLTCaoLkA==}
    cpu: [ppc64]
    os: [linux]

  '@rollup/rollup-linux-ppc64-musl@4.59.0':
    resolution: {integrity: sha512-+2kLtQ4xT3AiIxkzFVFXfsmlZiG5FXYW7ZyIIvGA7Bdeuh9Z0aN4hVyXS/G1E9bTP/vqszNIN/pUKCk/BTHsKA==}
    cpu: [ppc64]
    os: [linux]

  '@rollup/rollup-linux-riscv64-gnu@4.59.0':
    resolution: {integrity: sha512-NDYMpsXYJJaj+I7UdwIuHHNxXZ/b/N2hR15NyH3m2qAtb/hHPA4g4SuuvrdxetTdndfj9b1WOmy73kcPRoERUg==}
    cpu: [riscv64]
    os: [linux]

  '@rollup/rollup-linux-riscv64-musl@4.59.0':
    resolution: {integrity: sha512-nLckB8WOqHIf1bhymk+oHxvM9D3tyPndZH8i8+35p/1YiVoVswPid2yLzgX7ZJP0KQvnkhM4H6QZ5m0LzbyIAg==}
    cpu: [riscv64]
    os: [linux]

  '@rollup/rollup-linux-s390x-gnu@4.59.0':
    resolution: {integrity: sha512-oF87Ie3uAIvORFBpwnCvUzdeYUqi2wY6jRFWJAy1qus/udHFYIkplYRW+wo+GRUP4sKzYdmE1Y3+rY5Gc4ZO+w==}
    cpu: [s390x]
    os: [linux]

  '@rollup/rollup-linux-x64-gnu@4.59.0':
    resolution: {integrity: sha512-3AHmtQq/ppNuUspKAlvA8HtLybkDflkMuLK4DPo77DfthRb71V84/c4MlWJXixZz4uruIH4uaa07IqoAkG64fg==}
    cpu: [x64]
    os: [linux]

  '@rollup/rollup-linux-x64-musl@4.59.0':
    resolution: {integrity: sha512-2UdiwS/9cTAx7qIUZB/fWtToJwvt0Vbo0zmnYt7ED35KPg13Q0ym1g442THLC7VyI6JfYTP4PiSOWyoMdV2/xg==}
    cpu: [x64]
    os: [linux]

  '@rollup/rollup-openbsd-x64@4.59.0':
    resolution: {integrity: sha512-M3bLRAVk6GOwFlPTIxVBSYKUaqfLrn8l0psKinkCFxl4lQvOSz8ZrKDz2gxcBwHFpci0B6rttydI4IpS4IS/jQ==}
    cpu: [x64]
    os: [openbsd]

  '@rollup/rollup-openharmony-arm64@4.59.0':
    resolution: {integrity: sha512-tt9KBJqaqp5i5HUZzoafHZX8b5Q2Fe7UjYERADll83O4fGqJ49O1FsL6LpdzVFQcpwvnyd0i+K/VSwu/o/nWlA==}
    cpu: [arm64]
    os: [openharmony]

  '@rollup/rollup-win32-arm64-msvc@4.59.0':
    resolution: {integrity: sha512-V5B6mG7OrGTwnxaNUzZTDTjDS7F75PO1ae6MJYdiMu60sq0CqN5CVeVsbhPxalupvTX8gXVSU9gq+Rx1/hvu6A==}
    cpu: [arm64]
    os: [win32]

  '@rollup/rollup-win32-ia32-msvc@4.59.0':
    resolution: {integrity: sha512-UKFMHPuM9R0iBegwzKF4y0C4J9u8C6MEJgFuXTBerMk7EJ92GFVFYBfOZaSGLu6COf7FxpQNqhNS4c4icUPqxA==}
    cpu: [ia32]
    os: [win32]

  '@rollup/rollup-win32-x64-gnu@4.59.0':
    resolution: {integrity: sha512-laBkYlSS1n2L8fSo1thDNGrCTQMmxjYY5G0WFWjFFYZkKPjsMBsgJfGf4TLxXrF6RyhI60L8TMOjBMvXiTcxeA==}
    cpu: [x64]
    os: [win32]

  '@rollup/rollup-win32-x64-msvc@4.59.0':
    resolution: {integrity: sha512-2HRCml6OztYXyJXAvdDXPKcawukWY2GpR5/nxKp4iBgiO3wcoEGkAaqctIbZcNB6KlUQBIqt8VYkNSj2397EfA==}
    cpu: [x64]
    os: [win32]

  '@tootallnate/quickjs-emscripten@0.23.0':
    resolution: {integrity: sha512-C5Mc6rdnsaJDjO3UpGW/CQTHtCKaYlScZTly4JIu97Jxo/odCiH0ITnDXSJPTOrEKk/ycSZ0AOgTmkDtkOsvIA==}

  '@tweenjs/tween.js@23.1.3':
    resolution: {integrity: sha512-vJmvvwFxYuGnF2axRtPYocag6Clbb5YS7kLL+SO/TeVFzHqDIWrNKYtcsPMibjDx9O+bu+psAy9NKfWklassUA==}

  '@types/bun@1.3.11':
    resolution: {integrity: sha512-5vPne5QvtpjGpsGYXiFyycfpDF2ECyPcTSsFBMa0fraoxiQyMJ3SmuQIGhzPg2WJuWxVBoxWJ2kClYTcw/4fAg==}

  '@types/estree@1.0.8':
    resolution: {integrity: sha512-dWHzHa2WqEXI/O1E9OjrocMTKJl2mSrEolh1Iomrv6U+JuNwaHXsXx9bLu5gG7BUWFIN0skIQJQ/L1rIex4X6w==}

  '@types/node@17.0.45':
    resolution: {integrity: sha512-w+tIMs3rq2afQdsPJlODhoUEKzFP1ayaoyl1CcnwtIlsVe7K7bA1NGm4s3PraqTLlXnbIN84zuBlxBWo1u9BLw==}

  '@types/node@25.5.0':
    resolution: {integrity: sha512-jp2P3tQMSxWugkCUKLRPVUpGaL5MVFwF8RDuSRztfwgN1wmqJeMSbKlnEtQqU8UrhTmzEmZdu2I6v2dpp7XIxw==}

  '@types/stats.js@0.17.4':
    resolution: {integrity: sha512-jIBvWWShCvlBqBNIZt0KAshWpvSjhkwkEu4ZUcASoAvhmrgAUI2t1dXrjSL4xXVLB4FznPrIsX3nKXFl/Dt4vA==}

  '@types/three@0.181.0':
    resolution: {integrity: sha512-MLF1ks8yRM2k71D7RprFpDb9DOX0p22DbdPqT/uAkc6AtQXjxWCVDjCy23G9t1o8HcQPk7woD2NIyiaWcWPYmA==}

  '@types/webxr@0.5.24':
    resolution: {integrity: sha512-h8fgEd/DpoS9CBrjEQXR+dIDraopAEfu4wYVNY2tEPwk60stPWhvZMf4Foo5FakuQ7HFZoa8WceaWFervK2Ovg==}

  '@webgpu/types@0.1.69':
    resolution: {integrity: sha512-RPmm6kgRbI8e98zSD3RVACvnuktIja5+yLgDAkTmxLr90BEwdTXRQWNLF3ETTTyH/8mKhznZuN5AveXYFEsMGQ==}

  '@xterm/addon-fit@0.11.0':
    resolution: {integrity: sha512-jYcgT6xtVYhnhgxh3QgYDnnNMYTcf8ElbxxFzX0IZo+vabQqSPAjC3c1wJrKB5E19VwQei89QCiZZP86DCPF7g==}

  '@xterm/xterm@6.0.0':
    resolution: {integrity: sha512-TQwDdQGtwwDt+2cgKDLn0IRaSxYu1tSUjgKarSDkUM0ZNiSRXFpjxEsvc/Zgc5kq5omJ+V0a8/kIM2WD3sMOYg==}

  agent-base@7.1.4:
    resolution: {integrity: sha512-MnA+YT8fwfJPgBx3m60MNqakm30XOkyIoH1y6huTQvC0PwZG7ki8NacLBcrPbNoo8vEZy7Jpuk7+jMO+CUovTQ==}
    engines: {node: '>= 14'}

  ansi-regex@5.0.1:
    resolution: {integrity: sha512-quJQXlTSUGL2LH9SUXo8VwsY4soanhgo6LNSm84E1LBcE8s3O0wpdiRzyR9z/ZZJMlMWv37qOOb9pdJlMUEKFQ==}
    engines: {node: '>=8'}

  ansi-styles@4.3.0:
    resolution: {integrity: sha512-zbB9rCJAT1rbjiVDb2hqKFHNYLxgtk8NURxZ3IZwD3F6NtxbXZQCnnSi1Lkx+IDohdPlFp222wVALIheZJQSEg==}
    engines: {node: '>=8'}

  ast-types@0.13.4:
    resolution: {integrity: sha512-x1FCFnFifvYDDzTaLII71vG5uvDwgtmDTEVWAxrgeiR8VjMONcCXJx7E+USjDtHlwFmt9MysbqgF9b9Vjr6w+w==}
    engines: {node: '>=4'}

  basic-ftp@5.2.0:
    resolution: {integrity: sha512-VoMINM2rqJwJgfdHq6RiUudKt2BV+FY5ZFezP/ypmwayk68+NzzAQy4XXLlqsGD4MCzq3DrmNFD/uUmBJuGoXw==}
    engines: {node: '>=10.0.0'}

  bun-types@1.3.11:
    resolution: {integrity: sha512-1KGPpoxQWl9f6wcZh57LvrPIInQMn2TQ7jsgxqpRzg+l0QPOFvJVH7HmvHo/AiPgwXy+/Thf6Ov3EdVn1vOabg==}

  chalk@4.1.2:
    resolution: {integrity: sha512-oKnbhFyRIXpUuez8iBMmyEa4nbj4IOQyuhc/wy9kY7/WVPcwIO9VA668Pu8RkO7+0G76SLROeyw9CpQ061i4mA==}
    engines: {node: '>=10'}

  cliui@8.0.1:
    resolution: {integrity: sha512-BSeNnyus75C4//NQ9gQt1/csTXyo/8Sb+afLAkzAptFuMsod9HFokGNudZpi/oQV73hnVK+sR+5PVRMd+Dr7YQ==}
    engines: {node: '>=12'}

  color-convert@2.0.1:
    resolution: {integrity: sha512-RRECPsj7iu/xb5oKYcsFHSppFNnsj/52OVTRKb4zP5onXwVF3zVmmToNcOfGC+CRDpfK/U584fMg38ZHCaElKQ==}
    engines: {node: '>=7.0.0'}

  color-name@1.1.4:
    resolution: {integrity: sha512-dOy+3AuW3a2wNbZHIuMZpTcgjGuLU/uBL/ubcZF9OXbDo8ff4O8yVp5Bf0efS8uEoYo5q4Fx7dY9OgQGXgAsQA==}

  concurrently@9.2.1:
    resolution: {integrity: sha512-fsfrO0MxV64Znoy8/l1vVIjjHa29SZyyqPgQBwhiDcaW8wJc2W3XWVOGx4M3oJBnv/zdUZIIp1gDeS98GzP8Ng==}
    engines: {node: '>=18'}
    hasBin: true

  cross-spawn-windows-exe@1.2.0:
    resolution: {integrity: sha512-mkLtJJcYbDCxEG7Js6eUnUNndWjyUZwJ3H7bErmmtOYU/Zb99DyUkpamuIZE0b3bhmJyZ7D90uS6f+CGxRRjOw==}
    engines: {node: '>= 10'}

  cross-spawn@7.0.6:
    resolution: {integrity: sha512-uV2QOWP2nWzsy2aMp8aRibhi9dlzF5Hgh5SHaB9OiTGEyDTiJJyx0uy51QXdyWbtAHNua4XJzUKca3OzKUd3vA==}
    engines: {node: '>= 8'}

  data-uri-to-buffer@6.0.2:
    resolution: {integrity: sha512-7hvf7/GW8e86rW0ptuwS3OcBGDjIi6SZva7hCyWC0yYry2cOPmLIjXAUHI6DK2HsnwJd9ifmt57i8eV2n4YNpw==}
    engines: {node: '>= 14'}

  debug@4.4.3:
    resolution: {integrity: sha512-RGwwWnwQvkVfavKVt22FGLw+xYSdzARwm0ru6DhTVA3umU5hZc28V3kO4stgYryrTlLpuvgI9GiijltAjNbcqA==}
    engines: {node: '>=6.0'}
    peerDependencies:
      supports-color: '*'
    peerDependenciesMeta:
      supports-color:
        optional: true

  degenerator@5.0.1:
    resolution: {integrity: sha512-TllpMR/t0M5sqCXfj85i4XaAzxmS5tVA16dqvdkMwGmzI+dXLXnw3J+3Vdv7VKw+ThlTMboK6i9rnZ6Nntj5CQ==}
    engines: {node: '>= 14'}

  electrobun@1.16.0:
    resolution: {integrity: sha512-KO/GQO6vpWACJXizqD8F551xtRAgg83Dcfzmjo+6qqCseobttu9x+HL40n+CBnYTe+kBvFXzwso2ZrPuec78zg==}
    hasBin: true

  emoji-regex@8.0.0:
    resolution: {integrity: sha512-MSjYzcWNOA0ewAHpz0MxpYFvwg6yjy1NG3xteoqz644VCo/RPgnr1/GGt+ic3iJTzQ8Eu3TdM14SawnVUmGE6A==}

  esbuild@0.25.12:
    resolution: {integrity: sha512-bbPBYYrtZbkt6Os6FiTLCTFxvq4tt3JKall1vRwshA3fdVztsLAatFaZobhkBC8/BrPetoa0oksYoKXoG4ryJg==}
    engines: {node: '>=18'}
    hasBin: true

  escalade@3.2.0:
    resolution: {integrity: sha512-WUj2qlxaQtO4g6Pq5c29GTcWGDyd8itL8zTlipgECz3JesAiiOKotd8JU6otB3PACgG6xkJUyVhboMS+bje/jA==}
    engines: {node: '>=6'}

  escodegen@2.1.0:
    resolution: {integrity: sha512-2NlIDTwUWJN0mRPQOdtQBzbUHvdGY2P1VXSyU83Q3xKxM7WHX2Ql8dKq782Q9TgQUNOLEzEYu9bzLNj1q88I5w==}
    engines: {node: '>=6.0'}
    hasBin: true

  esprima@4.0.1:
    resolution: {integrity: sha512-eGuFFw7Upda+g4p+QHvnW0RyTX/SVeJBDM/gCtMARO0cLuT2HcEKnTPvhjV6aGeqrCB/sbNop0Kszm0jsaWU4A==}
    engines: {node: '>=4'}
    hasBin: true

  estraverse@5.3.0:
    resolution: {integrity: sha512-MMdARuVEQziNTeJD8DgMqmhwR11BRQ/cBP+pLtYdSTnf3MIO8fFeiINEbX36ZdNlfU/7A9f3gUw49B3oQsvwBA==}
    engines: {node: '>=4.0'}

  esutils@2.0.3:
    resolution: {integrity: sha512-kVscqXk4OCp68SZ0dkgEKVi6/8ij300KBWTJq32P/dYeWTSwK41WyTxalN1eRmA5Z9UU/LX9D7FWSmV9SAYx6g==}
    engines: {node: '>=0.10.0'}

  fdir@6.5.0:
    resolution: {integrity: sha512-tIbYtZbucOs0BRGqPJkshJUYdL+SDH7dVM8gjy+ERp3WAUjLEFJE+02kanyHtwjWOnwrKYBiwAmM0p4kLJAnXg==}
    engines: {node: '>=12.0.0'}
    peerDependencies:
      picomatch: ^3 || ^4
    peerDependenciesMeta:
      picomatch:
        optional: true

  fflate@0.8.2:
    resolution: {integrity: sha512-cPJU47OaAoCbg0pBvzsgpTPhmhqI5eJjh/JIu8tPj5q+T7iLvW/JAYUqmE7KOB4R1ZyEhzBaIQpQpardBF5z8A==}

  fsevents@2.3.3:
    resolution: {integrity: sha512-5xoDfX+fL7faATnagmWPpbFtwh/R77WmMMqqHGS65C3vvB0YHrgF+B1YmZ3441tMj5n63k0212XNoJwzlhffQw==}
    engines: {node: ^8.16.0 || ^10.6.0 || >=11.0.0}
    os: [darwin]

  get-caller-file@2.0.5:
    resolution: {integrity: sha512-DyFP3BM/3YHTQOCUL/w0OZHR0lpKeGrxotcHWcqNEdnltqFwXVfhEBQ94eIo34AfQpo0rGki4cyIiftY06h2Fg==}
    engines: {node: 6.* || 8.* || >= 10.*}

  get-uri@6.0.5:
    resolution: {integrity: sha512-b1O07XYq8eRuVzBNgJLstU6FYc1tS6wnMtF1I1D9lE8LxZSOGZ7LhxN54yPP6mGw5f2CkXY2BQUL9Fx41qvcIg==}
    engines: {node: '>= 14'}

  has-flag@4.0.0:
    resolution: {integrity: sha512-EykJT/Q1KjTWctppgIAgfSO0tKVuZUjhgMr17kqTumMl6Afv3EISleU7qZUzoXDFTAHTDC4NOoG/ZxU3EvlMPQ==}
    engines: {node: '>=8'}

  http-proxy-agent@7.0.2:
    resolution: {integrity: sha512-T1gkAiYYDWYx3V5Bmyu7HcfcvL7mUrTWiM6yOfa3PIphViJ/gFPbvidQ+veqSOHci/PxBcDabeUNCzpOODJZig==}
    engines: {node: '>= 14'}

  https-proxy-agent@7.0.6:
    resolution: {integrity: sha512-vK9P5/iUfdl95AI+JVyUuIcVtd4ofvtrOr3HNtM2yxC9bnMbEdp3x01OhQNnjb8IJYi38VlTE3mBXwcfvywuSw==}
    engines: {node: '>= 14'}

  ip-address@10.1.0:
    resolution: {integrity: sha512-XXADHxXmvT9+CRxhXg56LJovE+bmWnEWB78LB83VZTprKTmaC5QfruXocxzTZ2Kl0DNwKuBdlIhjL8LeY8Sf8Q==}
    engines: {node: '>= 12'}

  is-docker@2.2.1:
    resolution: {integrity: sha512-F+i2BKsFrH66iaUFc0woD8sLy8getkwTwtOBjvs56Cx4CgJDeKQeqfz8wAYiSb8JOprWhHH5p77PbmYCvvUuXQ==}
    engines: {node: '>=8'}
    hasBin: true

  is-fullwidth-code-point@3.0.0:
    resolution: {integrity: sha512-zymm5+u+sCsSWyD9qNaejV3DFvhCKclKdizYaJUuHA83RLjb7nSuGnddCHGv0hk+KY7BMAlsWeK4Ueg6EV6XQg==}
    engines: {node: '>=8'}

  is-wsl@2.2.0:
    resolution: {integrity: sha512-fKzAra0rGJUUBwGBgNkHZuToZcn+TtXHpeCgmkMJMMYx1sQDYaCSyjJBSCa2nH1DGm7s3n1oBnohoVTBaN7Lww==}
    engines: {node: '>=8'}

  isexe@2.0.0:
    resolution: {integrity: sha512-RHxMLp9lnKHGHRng9QFhRCMbYAcVpn69smSGcq3f36xjgVVWThj4qqLbTLlq7Ssj8B+fIQ1EuCEGI2lKsyQeIw==}

  lru-cache@7.18.3:
    resolution: {integrity: sha512-jumlc0BIUrS3qJGgIkWZsyfAM7NCWiBcCDhnd+3NNM5KbBmLTgHVfWBcg6W+rLUsIpzpERPsvwUP7CckAQSOoA==}
    engines: {node: '>=12'}

  meshoptimizer@0.22.0:
    resolution: {integrity: sha512-IebiK79sqIy+E4EgOr+CAw+Ke8hAspXKzBd0JdgEmPHiAwmvEj2S4h1rfvo+o/BnfEYd/jAOg5IeeIjzlzSnDg==}

  minimist@1.2.8:
    resolution: {integrity: sha512-2yyAR8qBkN3YuheJanUpWC5U3bb5osDywNB8RzDVlDwDHbocAJveqqj1u8+SVD7jkWT4yvsHCpWqqWqAxb0zCA==}

  ms@2.1.3:
    resolution: {integrity: sha512-6FlzubTLZG3J2a/NVCAleEhjzq5oxgHyaCU9yYXvcLsvoVaHJq/s5xXI6/XXP6tz7R9xAOtHnSO/tXtF3WRTlA==}

  nanoid@3.3.11:
    resolution: {integrity: sha512-N8SpfPUnUp1bK+PMYW8qSWdl9U+wwNWI4QKxOYDy9JAro3WMX7p2OeVRF9v+347pnakNevPmiHhNmZ2HbFA76w==}
    engines: {node: ^10 || ^12 || ^13.7 || ^14 || >=15.0.1}
    hasBin: true

  netmask@2.0.2:
    resolution: {integrity: sha512-dBpDMdxv9Irdq66304OLfEmQ9tbNRFnFTuZiLo+bD+r332bBmMJ8GBLXklIXXgxd3+v9+KUnZaUR5PJMa75Gsg==}
    engines: {node: '>= 0.4.0'}

  pac-proxy-agent@7.2.0:
    resolution: {integrity: sha512-TEB8ESquiLMc0lV8vcd5Ql/JAKAoyzHFXaStwjkzpOpC5Yv+pIzLfHvjTSdf3vpa2bMiUQrg9i6276yn8666aA==}
    engines: {node: '>= 14'}

  pac-resolver@7.0.1:
    resolution: {integrity: sha512-5NPgf87AT2STgwa2ntRMr45jTKrYBGkVU36yT0ig/n/GMAa3oPqhZfIQ2kMEimReg0+t9kZViDVZ83qfVUlckg==}
    engines: {node: '>= 14'}

  path-key@3.1.1:
    resolution: {integrity: sha512-ojmeN0qd+y0jszEtoY48r0Peq5dwMEkIlCOu6Q5f41lfkswXuKtYrhgoTpLnyIcHm24Uhqx+5Tqm2InSwLhE6Q==}
    engines: {node: '>=8'}

  picocolors@1.1.1:
    resolution: {integrity: sha512-xceH2snhtb5M9liqDsmEw56le376mTZkEX/jEb/RxNFyegNul7eNslCXP9FDj/Lcu0X8KEyMceP2ntpaHrDEVA==}

  picomatch@4.0.3:
    resolution: {integrity: sha512-5gTmgEY/sqK6gFXLIsQNH19lWb4ebPDLA4SdLP7dsWkIXHWlG66oPuVvXSGFPppYZz8ZDZq0dYYrbHfBCVUb1Q==}
    engines: {node: '>=12'}

  png-to-ico@2.1.8:
    resolution: {integrity: sha512-Nf+IIn/cZ/DIZVdGveJp86NG5uNib1ZXMiDd/8x32HCTeKSvgpyg6D/6tUBn1QO/zybzoMK0/mc3QRgAyXdv9w==}
    engines: {node: '>=8'}
    hasBin: true

  pngjs@6.0.0:
    resolution: {integrity: sha512-TRzzuFRRmEoSW/p1KVAmiOgPco2Irlah+bGFCeNfJXxxYGwSw7YwAOAcd7X28K/m5bjBWKsC29KyoMfHbypayg==}
    engines: {node: '>=12.13.0'}

  postcss@8.5.8:
    resolution: {integrity: sha512-OW/rX8O/jXnm82Ey1k44pObPtdblfiuWnrd8X7GJ7emImCOstunGbXUpp7HdBrFQX6rJzn3sPT397Wp5aCwCHg==}
    engines: {node: ^10 || ^12 || >=14}

  proxy-agent@6.5.0:
    resolution: {integrity: sha512-TmatMXdr2KlRiA2CyDu8GqR8EjahTG3aY3nXjdzFyoZbmB8hrBsTyMezhULIXKnC0jpfjlmiZ3+EaCzoInSu/A==}
    engines: {node: '>= 14'}

  proxy-from-env@1.1.0:
    resolution: {integrity: sha512-D+zkORCbA9f1tdWRK0RaCR3GPv50cMxcrz4X8k5LTSUD1Dkw47mKJEZQNunItRTkWwgtaUSo1RVFRIG9ZXiFYg==}

  rcedit@4.0.1:
    resolution: {integrity: sha512-bZdaQi34krFWhrDn+O53ccBDw0MkAT2Vhu75SqhtvhQu4OPyFM4RoVheyYiVQYdjhUi6EJMVWQ0tR6bCIYVkUg==}
    engines: {node: '>= 14.0.0'}

  require-directory@2.1.1:
    resolution: {integrity: sha512-fGxEI7+wsG9xrvdjsrlmL22OMTTiHRwAMroiEeMgq8gzoLC/PQr7RsRDSTLUg/bZAZtF+TVIkHc6/4RIKrui+Q==}
    engines: {node: '>=0.10.0'}

  rollup@4.59.0:
    resolution: {integrity: sha512-2oMpl67a3zCH9H79LeMcbDhXW/UmWG/y2zuqnF2jQq5uq9TbM9TVyXvA4+t+ne2IIkBdrLpAaRQAvo7YI/Yyeg==}
    engines: {node: '>=18.0.0', npm: '>=8.0.0'}
    hasBin: true

  rxjs@7.8.2:
    resolution: {integrity: sha512-dhKf903U/PQZY6boNNtAGdWbG85WAbjT/1xYoZIC7FAY0yWapOBQVsVrDl58W86//e1VpMNBtRV4MaXfdMySFA==}

  shebang-command@2.0.0:
    resolution: {integrity: sha512-kHxr2zZpYtdmrN1qDjrrX/Z1rR1kG8Dx+gkpK1G4eXmvXswmcE1hTWBWYUzlraYw1/yZp6YuDY77YtvbN0dmDA==}
    engines: {node: '>=8'}

  shebang-regex@3.0.0:
    resolution: {integrity: sha512-7++dFhtcx3353uBaq8DDR4NuxBetBzC7ZQOhmTQInHEd6bSrXdiEyzCvG07Z44UYdLShWUyXt5M/yhz8ekcb1A==}
    engines: {node: '>=8'}

  shell-quote@1.8.3:
    resolution: {integrity: sha512-ObmnIF4hXNg1BqhnHmgbDETF8dLPCggZWBjkQfhZpbszZnYur5DUljTcCHii5LC3J5E0yeO/1LIMyH+UvHQgyw==}
    engines: {node: '>= 0.4'}

  smart-buffer@4.2.0:
    resolution: {integrity: sha512-94hK0Hh8rPqQl2xXc3HsaBoOXKV20MToPkcXvwbISWLEs+64sBq5kFgn2kJDHb1Pry9yrP0dxrCI9RRci7RXKg==}
    engines: {node: '>= 6.0.0', npm: '>= 3.0.0'}

  socks-proxy-agent@8.0.5:
    resolution: {integrity: sha512-HehCEsotFqbPW9sJ8WVYB6UbmIMv7kUUORIF2Nncq4VQvBfNBLibW9YZR5dlYCSUhwcD628pRllm7n+E+YTzJw==}
    engines: {node: '>= 14'}

  socks@2.8.7:
    resolution: {integrity: sha512-HLpt+uLy/pxB+bum/9DzAgiKS8CX1EvbWxI4zlmgGCExImLdiad2iCwXT5Z4c9c3Eq8rP2318mPW2c+QbtjK8A==}
    engines: {node: '>= 10.0.0', npm: '>= 3.0.0'}

  source-map-js@1.2.1:
    resolution: {integrity: sha512-UXWMKhLOwVKb728IUtQPXxfYU+usdybtUrK/8uGE8CQMvrhOpwvzDBwj0QhSL7MQc7vIsISBG8VQ8+IDQxpfQA==}
    engines: {node: '>=0.10.0'}

  source-map@0.6.1:
    resolution: {integrity: sha512-UjgapumWlbMhkBgzT7Ykc5YXUT46F0iKu8SGXq0bcwP5dz/h0Plj6enJqjz1Zbq2l5WaqYnrVbwWOWMyF3F47g==}
    engines: {node: '>=0.10.0'}

  string-width@4.2.3:
    resolution: {integrity: sha512-wKyQRQpjJ0sIp62ErSZdGsjMJWsap5oRNihHhu6G7JVO/9jIB6UyevL+tXuOqrng8j/cxKTWyWUwvSTriiZz/g==}
    engines: {node: '>=8'}

  strip-ansi@6.0.1:
    resolution: {integrity: sha512-Y38VPSHcqkFrCpFnQ9vuSXmquuv5oXOKpGeT6aGrr3o3Gc9AlVa6JBfUSOCnbxGGZF+/0ooI7KrPuUSztUdU5A==}
    engines: {node: '>=8'}

  supports-color@7.2.0:
    resolution: {integrity: sha512-qpCAvRl9stuOHveKsn7HncJRvv501qIacKzQlO/+Lwxc9+0q2wLyv4Dfvt80/DPn2pqOBsJdDiogXGR9+OvwRw==}
    engines: {node: '>=8'}

  supports-color@8.1.1:
    resolution: {integrity: sha512-MpUEN2OodtUzxvKQl72cUF7RQ5EiHsGvSsVG0ia9c5RbWGL2CI4C7EpPS8UTBIplnlzZiNuV56w+FuNxy3ty2Q==}
    engines: {node: '>=10'}

  three@0.165.0:
    resolution: {integrity: sha512-cc96IlVYGydeceu0e5xq70H8/yoVT/tXBxV/W8A/U6uOq7DXc4/s1Mkmnu6SqoYGhSRWWYFOhVwvq6V0VtbplA==}

  tinyglobby@0.2.15:
    resolution: {integrity: sha512-j2Zq4NyQYG5XMST4cbs02Ak8iJUdxRM0XI5QyxXuZOzKOINmWurp3smXu3y5wDcJrptwpSjgXHzIQxR0omXljQ==}
    engines: {node: '>=12.0.0'}

  tree-kill@1.2.2:
    resolution: {integrity: sha512-L0Orpi8qGpRG//Nd+H90vFB+3iHnue1zSSGmNOOCh1GLJ7rUKVwV2HvijphGQS2UmhUZewS9VgvxYIdgr+fG1A==}
    hasBin: true

  tslib@2.8.1:
    resolution: {integrity: sha512-oJFu94HQb+KVduSUQL7wnpmqnfmLsOA/nAh6b6EH0wCEoK0/mPeXU6c3wKDV83MkOuHPRHtSXKKU99IBazS/2w==}

  typescript@5.9.3:
    resolution: {integrity: sha512-jl1vZzPDinLr9eUt3J/t7V6FgNEw9QjvBPdysz9KfQDD41fQrC2Y4vKQdiaUpFT4bXlb1RHhLpp8wtm6M5TgSw==}
    engines: {node: '>=14.17'}
    hasBin: true

  undici-types@7.18.2:
    resolution: {integrity: sha512-AsuCzffGHJybSaRrmr5eHr81mwJU3kjw6M+uprWvCXiNeN9SOGwQ3Jn8jb8m3Z6izVgknn1R0FTCEAP2QrLY/w==}

  vite@6.4.1:
    resolution: {integrity: sha512-+Oxm7q9hDoLMyJOYfUYBuHQo+dkAloi33apOPP56pzj+vsdJDzr+j1NISE5pyaAuKL4A3UD34qd0lx5+kfKp2g==}
    engines: {node: ^18.0.0 || ^20.0.0 || >=22.0.0}
    hasBin: true
    peerDependencies:
      '@types/node': ^18.0.0 || ^20.0.0 || >=22.0.0
      jiti: '>=1.21.0'
      less: '*'
      lightningcss: ^1.21.0
      sass: '*'
      sass-embedded: '*'
      stylus: '*'
      sugarss: '*'
      terser: ^5.16.0
      tsx: ^4.8.1
      yaml: ^2.4.2
    peerDependenciesMeta:
      '@types/node':
        optional: true
      jiti:
        optional: true
      less:
        optional: true
      lightningcss:
        optional: true
      sass:
        optional: true
      sass-embedded:
        optional: true
      stylus:
        optional: true
      sugarss:
        optional: true
      terser:
        optional: true
      tsx:
        optional: true
      yaml:
        optional: true

  which@2.0.2:
    resolution: {integrity: sha512-BLI3Tl1TW3Pvl70l3yq3Y64i+awpwXqsGBYWkkqMtnbXgrMD+yj7rhW0kuEDxzJaYXGjEW5ogapKNMEKNMjibA==}
    engines: {node: '>= 8'}
    hasBin: true

  wrap-ansi@7.0.0:
    resolution: {integrity: sha512-YVGIj2kamLSTxw6NsZjoBxfSwsn0ycdesmc4p+Q21c5zPuZ1pl+NfxVdxPtdHvmNVOQ6XSYG4AUtyt/Fi7D16Q==}
    engines: {node: '>=10'}

  y18n@5.0.8:
    resolution: {integrity: sha512-0pfFzegeDWJHJIAmTLRP2DwHjdF5s7jo9tuztdQxAhINCdvS+3nGINqPd00AphqJR/0LhANUS6/+7SCb98YOfA==}
    engines: {node: '>=10'}

  yargs-parser@21.1.1:
    resolution: {integrity: sha512-tVpsJW7DdjecAiFpbIB1e3qxIQsE6NoPc5/eTdrbbIC4h0LVsWhnoa3g+m2HclBIujHzsxZ4VJVA+GUuc2/LBw==}
    engines: {node: '>=12'}

  yargs@17.7.2:
    resolution: {integrity: sha512-7dSzzRQ++CKnNI/krKnYRV7JKKPUXMEh61soaHKg9mrWEhzFWhFnxPxGl+69cD1Ou63C13NUPCnmIcrvqCuM6w==}
    engines: {node: '>=12'}

snapshots:

  '@babylonjs/core@7.54.3': {}

  '@dimforge/rapier3d-compat@0.12.0': {}

  '@esbuild/aix-ppc64@0.25.12':
    optional: true

  '@esbuild/android-arm64@0.25.12':
    optional: true

  '@esbuild/android-arm@0.25.12':
    optional: true

  '@esbuild/android-x64@0.25.12':
    optional: true

  '@esbuild/darwin-arm64@0.25.12':
    optional: true

  '@esbuild/darwin-x64@0.25.12':
    optional: true

  '@esbuild/freebsd-arm64@0.25.12':
    optional: true

  '@esbuild/freebsd-x64@0.25.12':
    optional: true

  '@esbuild/linux-arm64@0.25.12':
    optional: true

  '@esbuild/linux-arm@0.25.12':
    optional: true

  '@esbuild/linux-ia32@0.25.12':
    optional: true

  '@esbuild/linux-loong64@0.25.12':
    optional: true

  '@esbuild/linux-mips64el@0.25.12':
    optional: true

  '@esbuild/linux-ppc64@0.25.12':
    optional: true

  '@esbuild/linux-riscv64@0.25.12':
    optional: true

  '@esbuild/linux-s390x@0.25.12':
    optional: true

  '@esbuild/linux-x64@0.25.12':
    optional: true

  '@esbuild/netbsd-arm64@0.25.12':
    optional: true

  '@esbuild/netbsd-x64@0.25.12':
    optional: true

  '@esbuild/openbsd-arm64@0.25.12':
    optional: true

  '@esbuild/openbsd-x64@0.25.12':
    optional: true

  '@esbuild/openharmony-arm64@0.25.12':
    optional: true

  '@esbuild/sunos-x64@0.25.12':
    optional: true

  '@esbuild/win32-arm64@0.25.12':
    optional: true

  '@esbuild/win32-ia32@0.25.12':
    optional: true

  '@esbuild/win32-x64@0.25.12':
    optional: true

  '@malept/cross-spawn-promise@1.1.1':
    dependencies:
      cross-spawn: 7.0.6

  '@rollup/rollup-android-arm-eabi@4.59.0':
    optional: true

  '@rollup/rollup-android-arm64@4.59.0':
    optional: true

  '@rollup/rollup-darwin-arm64@4.59.0':
    optional: true

  '@rollup/rollup-darwin-x64@4.59.0':
    optional: true

  '@rollup/rollup-freebsd-arm64@4.59.0':
    optional: true

  '@rollup/rollup-freebsd-x64@4.59.0':
    optional: true

  '@rollup/rollup-linux-arm-gnueabihf@4.59.0':
    optional: true

  '@rollup/rollup-linux-arm-musleabihf@4.59.0':
    optional: true

  '@rollup/rollup-linux-arm64-gnu@4.59.0':
    optional: true

  '@rollup/rollup-linux-arm64-musl@4.59.0':
    optional: true

  '@rollup/rollup-linux-loong64-gnu@4.59.0':
    optional: true

  '@rollup/rollup-linux-loong64-musl@4.59.0':
    optional: true

  '@rollup/rollup-linux-ppc64-gnu@4.59.0':
    optional: true

  '@rollup/rollup-linux-ppc64-musl@4.59.0':
    optional: true

  '@rollup/rollup-linux-riscv64-gnu@4.59.0':
    optional: true

  '@rollup/rollup-linux-riscv64-musl@4.59.0':
    optional: true

  '@rollup/rollup-linux-s390x-gnu@4.59.0':
    optional: true

  '@rollup/rollup-linux-x64-gnu@4.59.0':
    optional: true

  '@rollup/rollup-linux-x64-musl@4.59.0':
    optional: true

  '@rollup/rollup-openbsd-x64@4.59.0':
    optional: true

  '@rollup/rollup-openharmony-arm64@4.59.0':
    optional: true

  '@rollup/rollup-win32-arm64-msvc@4.59.0':
    optional: true

  '@rollup/rollup-win32-ia32-msvc@4.59.0':
    optional: true

  '@rollup/rollup-win32-x64-gnu@4.59.0':
    optional: true

  '@rollup/rollup-win32-x64-msvc@4.59.0':
    optional: true

  '@tootallnate/quickjs-emscripten@0.23.0': {}

  '@tweenjs/tween.js@23.1.3': {}

  '@types/bun@1.3.11':
    dependencies:
      bun-types: 1.3.11

  '@types/estree@1.0.8': {}

  '@types/node@17.0.45': {}

  '@types/node@25.5.0':
    dependencies:
      undici-types: 7.18.2

  '@types/stats.js@0.17.4': {}

  '@types/three@0.181.0':
    dependencies:
      '@dimforge/rapier3d-compat': 0.12.0
      '@tweenjs/tween.js': 23.1.3
      '@types/stats.js': 0.17.4
      '@types/webxr': 0.5.24
      '@webgpu/types': 0.1.69
      fflate: 0.8.2
      meshoptimizer: 0.22.0

  '@types/webxr@0.5.24': {}

  '@webgpu/types@0.1.69': {}

  '@xterm/addon-fit@0.11.0': {}

  '@xterm/xterm@6.0.0': {}

  agent-base@7.1.4: {}

  ansi-regex@5.0.1: {}

  ansi-styles@4.3.0:
    dependencies:
      color-convert: 2.0.1

  ast-types@0.13.4:
    dependencies:
      tslib: 2.8.1

  basic-ftp@5.2.0: {}

  bun-types@1.3.11:
    dependencies:
      '@types/node': 25.5.0

  chalk@4.1.2:
    dependencies:
      ansi-styles: 4.3.0
      supports-color: 7.2.0

  cliui@8.0.1:
    dependencies:
      string-width: 4.2.3
      strip-ansi: 6.0.1
      wrap-ansi: 7.0.0

  color-convert@2.0.1:
    dependencies:
      color-name: 1.1.4

  color-name@1.1.4: {}

  concurrently@9.2.1:
    dependencies:
      chalk: 4.1.2
      rxjs: 7.8.2
      shell-quote: 1.8.3
      supports-color: 8.1.1
      tree-kill: 1.2.2
      yargs: 17.7.2

  cross-spawn-windows-exe@1.2.0:
    dependencies:
      '@malept/cross-spawn-promise': 1.1.1
      is-wsl: 2.2.0
      which: 2.0.2

  cross-spawn@7.0.6:
    dependencies:
      path-key: 3.1.1
      shebang-command: 2.0.0
      which: 2.0.2

  data-uri-to-buffer@6.0.2: {}

  debug@4.4.3:
    dependencies:
      ms: 2.1.3

  degenerator@5.0.1:
    dependencies:
      ast-types: 0.13.4
      escodegen: 2.1.0
      esprima: 4.0.1

  electrobun@1.16.0:
    dependencies:
      '@babylonjs/core': 7.54.3
      '@types/bun': 1.3.11
      png-to-ico: 2.1.8
      proxy-agent: 6.5.0
      rcedit: 4.0.1
      three: 0.165.0
    transitivePeerDependencies:
      - supports-color

  emoji-regex@8.0.0: {}

  esbuild@0.25.12:
    optionalDependencies:
      '@esbuild/aix-ppc64': 0.25.12
      '@esbuild/android-arm': 0.25.12
      '@esbuild/android-arm64': 0.25.12
      '@esbuild/android-x64': 0.25.12
      '@esbuild/darwin-arm64': 0.25.12
      '@esbuild/darwin-x64': 0.25.12
      '@esbuild/freebsd-arm64': 0.25.12
      '@esbuild/freebsd-x64': 0.25.12
      '@esbuild/linux-arm': 0.25.12
      '@esbuild/linux-arm64': 0.25.12
      '@esbuild/linux-ia32': 0.25.12
      '@esbuild/linux-loong64': 0.25.12
      '@esbuild/linux-mips64el': 0.25.12
      '@esbuild/linux-ppc64': 0.25.12
      '@esbuild/linux-riscv64': 0.25.12
      '@esbuild/linux-s390x': 0.25.12
      '@esbuild/linux-x64': 0.25.12
      '@esbuild/netbsd-arm64': 0.25.12
      '@esbuild/netbsd-x64': 0.25.12
      '@esbuild/openbsd-arm64': 0.25.12
      '@esbuild/openbsd-x64': 0.25.12
      '@esbuild/openharmony-arm64': 0.25.12
      '@esbuild/sunos-x64': 0.25.12
      '@esbuild/win32-arm64': 0.25.12
      '@esbuild/win32-ia32': 0.25.12
      '@esbuild/win32-x64': 0.25.12

  escalade@3.2.0: {}

  escodegen@2.1.0:
    dependencies:
      esprima: 4.0.1
      estraverse: 5.3.0
      esutils: 2.0.3
    optionalDependencies:
      source-map: 0.6.1

  esprima@4.0.1: {}

  estraverse@5.3.0: {}

  esutils@2.0.3: {}

  fdir@6.5.0(picomatch@4.0.3):
    optionalDependencies:
      picomatch: 4.0.3

  fflate@0.8.2: {}

  fsevents@2.3.3:
    optional: true

  get-caller-file@2.0.5: {}

  get-uri@6.0.5:
    dependencies:
      basic-ftp: 5.2.0
      data-uri-to-buffer: 6.0.2
      debug: 4.4.3
    transitivePeerDependencies:
      - supports-color

  has-flag@4.0.0: {}

  http-proxy-agent@7.0.2:
    dependencies:
      agent-base: 7.1.4
      debug: 4.4.3
    transitivePeerDependencies:
      - supports-color

  https-proxy-agent@7.0.6:
    dependencies:
      agent-base: 7.1.4
      debug: 4.4.3
    transitivePeerDependencies:
      - supports-color

  ip-address@10.1.0: {}

  is-docker@2.2.1: {}

  is-fullwidth-code-point@3.0.0: {}

  is-wsl@2.2.0:
    dependencies:
      is-docker: 2.2.1

  isexe@2.0.0: {}

  lru-cache@7.18.3: {}

  meshoptimizer@0.22.0: {}

  minimist@1.2.8: {}

  ms@2.1.3: {}

  nanoid@3.3.11: {}

  netmask@2.0.2: {}

  pac-proxy-agent@7.2.0:
    dependencies:
      '@tootallnate/quickjs-emscripten': 0.23.0
      agent-base: 7.1.4
      debug: 4.4.3
      get-uri: 6.0.5
      http-proxy-agent: 7.0.2
      https-proxy-agent: 7.0.6
      pac-resolver: 7.0.1
      socks-proxy-agent: 8.0.5
    transitivePeerDependencies:
      - supports-color

  pac-resolver@7.0.1:
    dependencies:
      degenerator: 5.0.1
      netmask: 2.0.2

  path-key@3.1.1: {}

  picocolors@1.1.1: {}

  picomatch@4.0.3: {}

  png-to-ico@2.1.8:
    dependencies:
      '@types/node': 17.0.45
      minimist: 1.2.8
      pngjs: 6.0.0

  pngjs@6.0.0: {}

  postcss@8.5.8:
    dependencies:
      nanoid: 3.3.11
      picocolors: 1.1.1
      source-map-js: 1.2.1

  proxy-agent@6.5.0:
    dependencies:
      agent-base: 7.1.4
      debug: 4.4.3
      http-proxy-agent: 7.0.2
      https-proxy-agent: 7.0.6
      lru-cache: 7.18.3
      pac-proxy-agent: 7.2.0
      proxy-from-env: 1.1.0
      socks-proxy-agent: 8.0.5
    transitivePeerDependencies:
      - supports-color

  proxy-from-env@1.1.0: {}

  rcedit@4.0.1:
    dependencies:
      cross-spawn-windows-exe: 1.2.0

  require-directory@2.1.1: {}

  rollup@4.59.0:
    dependencies:
      '@types/estree': 1.0.8
    optionalDependencies:
      '@rollup/rollup-android-arm-eabi': 4.59.0
      '@rollup/rollup-android-arm64': 4.59.0
      '@rollup/rollup-darwin-arm64': 4.59.0
      '@rollup/rollup-darwin-x64': 4.59.0
      '@rollup/rollup-freebsd-arm64': 4.59.0
      '@rollup/rollup-freebsd-x64': 4.59.0
      '@rollup/rollup-linux-arm-gnueabihf': 4.59.0
      '@rollup/rollup-linux-arm-musleabihf': 4.59.0
      '@rollup/rollup-linux-arm64-gnu': 4.59.0
      '@rollup/rollup-linux-arm64-musl': 4.59.0
      '@rollup/rollup-linux-loong64-gnu': 4.59.0
      '@rollup/rollup-linux-loong64-musl': 4.59.0
      '@rollup/rollup-linux-ppc64-gnu': 4.59.0
      '@rollup/rollup-linux-ppc64-musl': 4.59.0
      '@rollup/rollup-linux-riscv64-gnu': 4.59.0
      '@rollup/rollup-linux-riscv64-musl': 4.59.0
      '@rollup/rollup-linux-s390x-gnu': 4.59.0
      '@rollup/rollup-linux-x64-gnu': 4.59.0
      '@rollup/rollup-linux-x64-musl': 4.59.0
      '@rollup/rollup-openbsd-x64': 4.59.0
      '@rollup/rollup-openharmony-arm64': 4.59.0
      '@rollup/rollup-win32-arm64-msvc': 4.59.0
      '@rollup/rollup-win32-ia32-msvc': 4.59.0
      '@rollup/rollup-win32-x64-gnu': 4.59.0
      '@rollup/rollup-win32-x64-msvc': 4.59.0
      fsevents: 2.3.3

  rxjs@7.8.2:
    dependencies:
      tslib: 2.8.1

  shebang-command@2.0.0:
    dependencies:
      shebang-regex: 3.0.0

  shebang-regex@3.0.0: {}

  shell-quote@1.8.3: {}

  smart-buffer@4.2.0: {}

  socks-proxy-agent@8.0.5:
    dependencies:
      agent-base: 7.1.4
      debug: 4.4.3
      socks: 2.8.7
    transitivePeerDependencies:
      - supports-color

  socks@2.8.7:
    dependencies:
      ip-address: 10.1.0
      smart-buffer: 4.2.0

  source-map-js@1.2.1: {}

  source-map@0.6.1:
    optional: true

  string-width@4.2.3:
    dependencies:
      emoji-regex: 8.0.0
      is-fullwidth-code-point: 3.0.0
      strip-ansi: 6.0.1

  strip-ansi@6.0.1:
    dependencies:
      ansi-regex: 5.0.1

  supports-color@7.2.0:
    dependencies:
      has-flag: 4.0.0

  supports-color@8.1.1:
    dependencies:
      has-flag: 4.0.0

  three@0.165.0: {}

  tinyglobby@0.2.15:
    dependencies:
      fdir: 6.5.0(picomatch@4.0.3)
      picomatch: 4.0.3

  tree-kill@1.2.2: {}

  tslib@2.8.1: {}

  typescript@5.9.3: {}

  undici-types@7.18.2: {}

  vite@6.4.1(@types/node@25.5.0):
    dependencies:
      esbuild: 0.25.12
      fdir: 6.5.0(picomatch@4.0.3)
      picomatch: 4.0.3
      postcss: 8.5.8
      rollup: 4.59.0
      tinyglobby: 0.2.15
    optionalDependencies:
      '@types/node': 25.5.0
      fsevents: 2.3.3

  which@2.0.2:
    dependencies:
      isexe: 2.0.0

  wrap-ansi@7.0.0:
    dependencies:
      ansi-styles: 4.3.0
      string-width: 4.2.3
      strip-ansi: 6.0.1

  y18n@5.0.8: {}

  yargs-parser@21.1.1: {}

  yargs@17.7.2:
    dependencies:
      cliui: 8.0.1
      escalade: 3.2.0
      get-caller-file: 2.0.5
      require-directory: 2.1.1
      string-width: 4.2.3
      y18n: 5.0.8
      yargs-parser: 21.1.1
